
Microsoft Visual Studio Solution File, Format Version 12.00
# Visual Studio 14
VisualStudioVersion = 14.0.25420.1
MinimumVisualStudioVersion = 10.0.40219.1
Project("{FAE04EC0-301F-11D3-BF4B-00C04F79EFBC}") = "1.RabbitMQ-tutorial", "RabbitMQ-tutorial\1.RabbitMQ-tutorial.csproj", "{59B499EF-7380-4C02-9A06-309B84E23D00}"
EndProject
Project("{FAE04EC0-301F-11D3-BF4B-00C04F79EFBC}") = "2.receiving", "receiving\2.receiving.csproj", "{A003CC39-CFA7-48BE-81ED-A86E1661A4F7}"
EndProject
Project("{FAE04EC0-301F-11D3-BF4B-00C04F79EFBC}") = "4.TaskWorker_Send", "TaskWorker\4.TaskWorker_Send.csproj", "{A03C07A4-CE0C-48C0-BFB0-0C9CDCCC270D}"
EndProject
Project("{FAE04EC0-301F-11D3-BF4B-00C04F79EFBC}") = "3.TaskWorker_receive", "TaskWorker_receive\3.TaskWorker_receive.csproj", "{2FA84D2E-C162-44DA-A166-8BFC81994721}"
EndProject
Project("{FAE04EC0-301F-11D3-BF4B-00C04F79EFBC}") = "5.ExChange", "5.ExChange\5.ExChange.csproj", "{9143AD1A-3FEF-4A6B-9EEE-A3C92E8002C4}"
EndProject
Project("{FAE04EC0-301F-11D3-BF4B-00C04F79EFBC}") = "6.ReciveLog", "6.RêciveLog\6.ReciveLog.csproj", "{10EA8983-AF46-45FD-918C-EDDAC2FEAFC4}"
EndProject
Project("{FAE04EC0-301F-11D3-BF4B-00C04F79EFBC}") = "7.Routing", "7.Routing\7.Routing.csproj", "{A140B168-B2B0-4075-91AB-2594B79298E2}"
EndProject
Project("{FAE04EC0-301F-11D3-BF4B-00C04F79EFBC}") = "8.ReceiveLogsDirect", "ReceiveLogsDirect\8.ReceiveLogsDirect.csproj", "{DA22D143-4269-41ED-A161-A9B57935C0C9}"
EndProject
Project("{FAE04EC0-301F-11D3-BF4B-00C04F79EFBC}") = "9.TopicExchange", "9.TopicExchange\9.TopicExchange.csproj", "{0BDC20A5-9C11-4BE5-B655-1B4D5D3ACA39}"
EndProject
Project("{FAE04EC0-301F-11D3-BF4B-00C04F79EFBC}") = "10.ReceiveLogsTopic", "10.ReceiveLogsTopic\10.ReceiveLogsTopic.csproj", "{8F31574A-B163-46C2-B6DB-70F301E87AC3}"
EndProject
Global
	GlobalSection(SolutionConfigurationPlatforms) = preSolution
		Debug|Any CPU = Debug|Any CPU
		Release|Any CPU = Release|Any CPU
	EndGlobalSection
	GlobalSection(ProjectConfigurationPlatforms) = postSolution
		{59B499EF-7380-4C02-9A06-309B84E23D00}.Debug|Any CPU.ActiveCfg = Debug|Any CPU
		{59B499EF-7380-4C02-9A06-309B84E23D00}.Debug|Any CPU.Build.0 = Debug|Any CPU
		{59B499EF-7380-4C02-9A06-309B84E23D00}.Release|Any CPU.ActiveCfg = Release|Any CPU
		{59B499EF-7380-4C02-9A06-309B84E23D00}.Release|Any CPU.Build.0 = Release|Any CPU
		{A003CC39-CFA7-48BE-81ED-A86E1661A4F7}.Debug|Any CPU.ActiveCfg = Debug|Any CPU
		{A003CC39-CFA7-48BE-81ED-A86E1661A4F7}.Debug|Any CPU.Build.0 = Debug|Any CPU
		{A003CC39-CFA7-48BE-81ED-A86E1661A4F7}.Release|Any CPU.ActiveCfg = Release|Any CPU
		{A003CC39-CFA7-48BE-81ED-A86E1661A4F7}.Release|Any CPU.Build.0 = Release|Any CPU
		{A03C07A4-CE0C-48C0-BFB0-0C9CDCCC270D}.Debug|Any CPU.ActiveCfg = Debug|Any CPU
		{A03C07A4-CE0C-48C0-BFB0-0C9CDCCC270D}.Debug|Any CPU.Build.0 = Debug|Any CPU
		{A03C07A4-CE0C-48C0-BFB0-0C9CDCCC270D}.Release|Any CPU.ActiveCfg = Release|Any CPU
		{A03C07A4-CE0C-48C0-BFB0-0C9CDCCC270D}.Release|Any CPU.Build.0 = Release|Any CPU
		{2FA84D2E-C162-44DA-A166-8BFC81994721}.Debug|Any CPU.ActiveCfg = Debug|Any CPU
		{2FA84D2E-C162-44DA-A166-8BFC81994721}.Debug|Any CPU.Build.0 = Debug|Any CPU
		{2FA84D2E-C162-44DA-A166-8BFC81994721}.Release|Any CPU.ActiveCfg = Release|Any CPU
		{2FA84D2E-C162-44DA-A166-8BFC81994721}.Release|Any CPU.Build.0 = Release|Any CPU
		{9143AD1A-3FEF-4A6B-9EEE-A3C92E8002C4}.Debug|Any CPU.ActiveCfg = Debug|Any CPU
		{9143AD1A-3FEF-4A6B-9EEE-A3C92E8002C4}.Debug|Any CPU.Build.0 = Debug|Any CPU
		{9143AD1A-3FEF-4A6B-9EEE-A3C92E8002C4}.Release|Any CPU.ActiveCfg = Release|Any CPU
		{9143AD1A-3FEF-4A6B-9EEE-A3C92E8002C4}.Release|Any CPU.Build.0 = Release|Any CPU
		{10EA8983-AF46-45FD-918C-EDDAC2FEAFC4}.Debug|Any CPU.ActiveCfg = Debug|Any CPU
		{10EA8983-AF46-45FD-918C-EDDAC2FEAFC4}.Debug|Any CPU.Build.0 = Debug|Any CPU
		{10EA8983-AF46-45FD-918C-EDDAC2FEAFC4}.Release|Any CPU.ActiveCfg = Release|Any CPU
		{10EA8983-AF46-45FD-918C-EDDAC2FEAFC4}.Release|Any CPU.Build.0 = Release|Any CPU
		{A140B168-B2B0-4075-91AB-2594B79298E2}.Debug|Any CPU.ActiveCfg = Debug|Any CPU
		{A140B168-B2B0-4075-91AB-2594B79298E2}.Debug|Any CPU.Build.0 = Debug|Any CPU
		{A140B168-B2B0-4075-91AB-2594B79298E2}.Release|Any CPU.ActiveCfg = Release|Any CPU
		{A140B168-B2B0-4075-91AB-2594B79298E2}.Release|Any CPU.Build.0 = Release|Any CPU
		{DA22D143-4269-41ED-A161-A9B57935C0C9}.Debug|Any CPU.ActiveCfg = Debug|Any CPU
		{DA22D143-4269-41ED-A161-A9B57935C0C9}.Debug|Any CPU.Build.0 = Debug|Any CPU
		{DA22D143-4269-41ED-A161-A9B57935C0C9}.Release|Any CPU.ActiveCfg = Release|Any CPU
		{DA22D143-4269-41ED-A161-A9B57935C0C9}.Release|Any CPU.Build.0 = Release|Any CPU
		{0BDC20A5-9C11-4BE5-B655-1B4D5D3ACA39}.Debug|Any CPU.ActiveCfg = Debug|Any CPU
		{0BDC20A5-9C11-4BE5-B655-1B4D5D3ACA39}.Debug|Any CPU.Build.0 = Debug|Any CPU
		{0BDC20A5-9C11-4BE5-B655-1B4D5D3ACA39}.Release|Any CPU.ActiveCfg = Release|Any CPU
		{0BDC20A5-9C11-4BE5-B655-1B4D5D3ACA39}.Release|Any CPU.Build.0 = Release|Any CPU
		{8F31574A-B163-46C2-B6DB-70F301E87AC3}.Debug|Any CPU.ActiveCfg = Debug|Any CPU
		{8F31574A-B163-46C2-B6DB-70F301E87AC3}.Debug|Any CPU.Build.0 = Debug|Any CPU
		{8F31574A-B163-46C2-B6DB-70F301E87AC3}.Release|Any CPU.ActiveCfg = Release|Any CPU
		{8F31574A-B163-46C2-B6DB-70F301E87AC3}.Release|Any CPU.Build.0 = Release|Any CPU
	EndGlobalSection
	GlobalSection(SolutionProperties) = preSolution
		HideSolutionNode = FALSE
	EndGlobalSection
EndGlobal
